{
  "name": "backend",
  "version": "1.0.0",
  "lockfileVersion": 3,
  "requires": true,
  "packages": {
    "": {
      "name": "backend",
      "version": "1.0.0",
      "license": "ISC",
      "dependencies": {
        "deno": "^2.6.8"
      }
    },
    "node_modules/@deno/darwin-arm64": {
      "version": "2.6.8",
      "resolved": "https://registry.npmjs.org/@deno/darwin-arm64/-/darwin-arm64-2.6.8.tgz",
      "integrity": "sha512-Q3STbV/+nr+xhL/bD4Av+yg5XNGuhTdTay4b0q0wU5GLlcwMsNXQ1mjrfT9CKdG/VuF30a8wE/u/sIq7bZsViQ==",
      "cpu": [
        "arm64"
      ],
      "license": "MIT",
      "optional": true,
      "os": [
        "darwin"
      ]
    },
    "node_modules/@deno/darwin-x64": {
      "version": "2.6.8",
      "resolved": "https://registry.npmjs.org/@deno/darwin-x64/-/darwin-x64-2.6.8.tgz",
      "integrity": "sha512-buz9Ncv/hQYUwcHIrv0g7fIKZWoO1OOfInVB9XK35hteOuknzOaN+X0uFI/idOyae6HqVKG31S2Wk5N99mSJ1g==",
      "cpu": [
        "x64"
      ],
      "license": "MIT",
      "optional": true,
      "os": [
        "darwin"
      ]
    },
    "node_modules/@deno/linux-arm64-glibc": {
      "version": "2.6.8",
      "resolved": "https://registry.npmjs.org/@deno/linux-arm64-glibc/-/linux-arm64-glibc-2.6.8.tgz",
      "integrity": "sha512-U/jmXKFnbD0VnCuqISf8lbYp9RxRVO8vgSPdLHaUU4+VFCPx2nO3NPGJO1cZvHobTAsE0CzCH+21AyA/7S1V9g==",
      "cpu": [
        "arm64"
      ],
      "license": "MIT",
      "optional": true,
      "os": [
        "linux"
      ]
    },
    "node_modules/@deno/linux-x64-glibc": {
      "version": "2.6.8",
      "resolved": "https://registry.npmjs.org/@deno/linux-x64-glibc/-/linux-x64-glibc-2.6.8.tgz",
      "integrity": "sha512-oY6qIbyrEHt+rzk7oHJ8KZgJ3mOQ1econRWcXlm/wOXORVDn7l9rEoY0vlOf4Qvv22tPTD5Jn1bxm6WBZBXmog==",
      "cpu": [
        "x64"
      ],
      "license": "MIT",
      "optional": true,
      "os": [
        "linux"
      ]
    },
    "node_modules/@deno/win32-arm64": {
      "version": "2.6.8",
      "resolved": "https://registry.npmjs.org/@deno/win32-arm64/-/win32-arm64-2.6.8.tgz",
      "integrity": "sha512-Zt5/R64VSuDyWsVBLTYH7BpxtdVwxUGyL2AMteSm45a+i1zaEbpwzJ0/lZM/TrBXIohu5+CRm/NKUPrGkkZAAA==",
      "cpu": [
        "arm64"
      ],
      "license": "MIT",
      "optional": true,
      "os": [
        "win32"
      ]
    },
    "node_modules/@deno/win32-x64": {
      "version": "2.6.8",
      "resolved": "https://registry.npmjs.org/@deno/win32-x64/-/win32-x64-2.6.8.tgz",
      "integrity": "sha512-gHI1K9vmCT+gtJlYnCLl1pBdqOwBoQs2E2e6MGtL0ncrU7VqOiZ3jD3f2QZnnsfZEhj/khSIjkVlTMIUSZtIcg==",
      "cpu": [
        "x64"
      ],
      "license": "MIT",
      "optional": true,
      "os": [
        "win32"
      ]
    },
    "node_modules/deno": {
      "version": "2.6.8",
      "resolved": "https://registry.npmjs.org/deno/-/deno-2.6.8.tgz",
      "integrity": "sha512-eJ+D9eu4YUtfec3F4nFRK06TKrGH+S8BasyqKIi2vKD11fI5kmgjYu08B4eheyQrfHj5hjGvB/dCdkfsAlsLzA==",
      "hasInstallScript": true,
      "license": "MIT",
      "bin": {
        "deno": "bin.cjs"
      },
      "optionalDependencies": {
        "@deno/darwin-arm64": "2.6.8",
        "@deno/darwin-x64": "2.6.8",
        "@deno/linux-arm64-glibc": "2.6.8",
        "@deno/linux-x64-glibc": "2.6.8",
        "@deno/win32-arm64": "2.6.8",
        "@deno/win32-x64": "2.6.8"
      }
    }
  }
}
